
Microsoft Visual Studio Solution File, Format Version 12.00
# Visual Studio Version 17
VisualStudioVersion = 17.8.34511.84
MinimumVisualStudioVersion = 10.0.40219.1
Project("{FAE04EC0-301F-11D3-BF4B-00C04F79EFBC}") = "Publisher", "Publisher\Publisher.csproj", "{E2923EE3-47BA-4E22-A975-BCAFB900E548}"
EndProject
Project("{FAE04EC0-301F-11D3-BF4B-00C04F79EFBC}") = "Subscriber", "Subscriber\Subscriber.csproj", "{CD515521-08DB-4FB2-8BEA-08BD04EF8AC5}"
EndProject
Global
	GlobalSection(SolutionConfigurationPlatforms) = preSolution
		Debug|Any CPU = Debug|Any CPU
		Release|Any CPU = Release|Any CPU
	EndGlobalSection
	GlobalSection(ProjectConfigurationPlatforms) = postSolution
		{E2923EE3-47BA-4E22-A975-BCAFB900E548}.Debug|Any CPU.ActiveCfg = Debug|Any CPU
		{E2923EE3-47BA-4E22-A975-BCAFB900E548}.Debug|Any CPU.Build.0 = Debug|Any CPU
		{E2923EE3-47BA-4E22-A975-BCAFB900E548}.Release|Any CPU.ActiveCfg = Release|Any CPU
		{E2923EE3-47BA-4E22-A975-BCAFB900E548}.Release|Any CPU.Build.0 = Release|Any CPU
		{CD515521-08DB-4FB2-8BEA-08BD04EF8AC5}.Debug|Any CPU.ActiveCfg = Debug|Any CPU
		{CD515521-08DB-4FB2-8BEA-08BD04EF8AC5}.Debug|Any CPU.Build.0 = Debug|Any CPU
		{CD515521-08DB-4FB2-8BEA-08BD04EF8AC5}.Release|Any CPU.ActiveCfg = Release|Any CPU
		{CD515521-08DB-4FB2-8BEA-08BD04EF8AC5}.Release|Any CPU.Build.0 = Release|Any CPU
	EndGlobalSection
	GlobalSection(SolutionProperties) = preSolution
		HideSolutionNode = FALSE
	EndGlobalSection
	GlobalSection(ExtensibilityGlobals) = postSolution
		SolutionGuid = {3A094A7A-BC96-4574-9A25-532E134FBD7C}
	EndGlobalSection
EndGlobal
